{
    "_readme": [
        "This file locks the dependencies of your project to a known state",
        "Read more about it at https://getcomposer.org/doc/01-basic-usage.md#installing-dependencies",
        "This file is @generated automatically"
    ],
    "content-hash": "80b481d082ac00a6b3486c6db4db99a2",
    "packages": [
        {
            "name": "overtrue/pinyin",
            "version": "5.3.4",
            "source": {
                "type": "git",
                "url": "https://github.com/overtrue/pinyin.git",
                "reference": "03d8697763c32595f54c855911bc77abf00fea14"
            },
            "dist": {
                "type": "zip",
                "url": "https://api.github.com/repos/overtrue/pinyin/zipball/03d8697763c32595f54c855911bc77abf00fea14",
                "reference": "03d8697763c32595f54c855911bc77abf00fea14",
                "shasum": ""
            },
            "require": {
                "php": ">=8.0.2"
            },
            "require-dev": {
                "brainmaestro/composer-git-hooks": "^3.0",
                "friendsofphp/php-cs-fixer": "^3.2",
                "laravel/pint": "^1.10",
                "nunomaduro/termwind": "^1.0|^2.0",
                "phpunit/phpunit": "^10.0|^11.2"
            },
            "bin": [
                "bin/pinyin"
            ],
            "type": "library",
            "extra": {
                "hooks": {
                    "pre-push": [
                        "composer pint",
                        "composer test"
                    ],
                    "pre-commit": [
                        "composer pint",
                        "composer test"
                    ]
                }
            },
            "autoload": {
                "psr-4": {
                    "Overtrue\\Pinyin\\": "src/"
                }
            },
            "notification-url": "https://packagist.org/downloads/",
            "license": [
                "MIT"
            ],
            "authors": [
                {
                    "name": "overtrue",
                    "email": "anzhengchao@gmail.com",
                    "homepage": "http://github.com/overtrue"
                }
            ],
            "description": "Chinese to pinyin translator.",
            "homepage": "https://github.com/overtrue/pinyin",
            "keywords": [
                "Chinese",
                "Pinyin",
                "cn2pinyin"
            ],
            "support": {
                "issues": "https://github.com/overtrue/pinyin/issues",
                "source": "https://github.com/overtrue/pinyin/tree/5.3.4"
            },
            "funding": [
                {
                    "url": "https://github.com/overtrue",
                    "type": "github"
                }
            ],
            "time": "2025-03-16T02:16:27+00:00"
        }
    ],
    "packages-dev": [],
    "aliases": [],
    "minimum-stability": "stable",
    "stability-flags": [],
    "prefer-stable": false,
    "prefer-lowest": false,
    "platform": [],
    "platform-dev": [],
    "plugin-api-version": "2.0.0"
}
